{
    "_meta": {
        "hash": {
            "sha256": "8381454ee48b269358734a56b9eb1b1b7a513888fa1018a8297376fe5fdafcaa"
        },
        "pipfile-spec": 6,
        "requires": {
            "python_version": "3.8"
        },
        "sources": [
            {
                "name": "pypi",
                "url": "https://pypi.org/simple",
                "verify_ssl": true
            }
        ]
    },
    "default": {},
    "develop": {}
}
